// !$*UTF8*$!
{
	archiveVersion = 1;
	classes = {
	};
	objectVersion = 46;
	objects = {

/* Begin PBXBuildFile section */
		3A5AD02F1CB80AF500F1EB27 /* AVFoundation.framework in Frameworks */ = {isa = PBXBuildFile; fileRef = 3A5AD02D1CB80AF500F1EB27 /* AVFoundation.framework */; };
		3A8912521BB634F7004A780B /* AppDelegate.swift in Sources */ = {isa = PBXBuildFile; fileRef = 3A8912511BB634F7004A780B /* AppDelegate.swift */; };
		3A8912541BB634F7004A780B /* ViewController.swift in Sources */ = {isa = PBXBuildFile; fileRef = 3A8912531BB634F7004A780B /* ViewController.swift */; };
		3A8912571BB634F7004A780B /* Main.storyboard in Resources */ = {isa = PBXBuildFile; fileRef = 3A8912551BB634F7004A780B /* Main.storyboard */; };
		3A8912591BB634F7004A780B /* Assets.xcassets in Resources */ = {isa = PBXBuildFile; fileRef = 3A8912581BB634F7004A780B /* Assets.xcassets */; };
		3A89125C1BB634F7004A780B /* LaunchScreen.storyboard in Resources */ = {isa = PBXBuildFile; fileRef = 3A89125A1BB634F7004A780B /* LaunchScreen.storyboard */; };
		3A8912801BB63D9B004A780B /* CSI Miami.mp3 in Resources */ = {isa = PBXBuildFile; fileRef = 3A89127F1BB63D9B004A780B /* CSI Miami.mp3 */; };
/* End PBXBuildFile section */

/* Begin PBXFileReference section */
		3A5AD02D1CB80AF500F1EB27 /* AVFoundation.framework */ = {isa = PBXFileReference; lastKnownFileType = wrapper.framework; name = AVFoundation.framework; path = System/Library/Frameworks/AVFoundation.framework; sourceTree = SDKROOT; };
		3A89124E1BB634F7004A780B /* MiamiSunglasses.app */ = {isa = PBXFileReference; explicitFileType = wrapper.application; includeInIndex = 0; path = MiamiSunglasses.app; sourceTree = BUILT_PRODUCTS_DIR; };
		3A8912511BB634F7004A780B /* AppDelegate.swift */ = {isa = PBXFileReference; lastKnownFileType = sourcecode.swift; path = AppDelegate.swift; sourceTree = "<group>"; };
		3A8912531BB634F7004A780B /* ViewController.swift */ = {isa = PBXFileReference; lastKnownFileType = sourcecode.swift; path = ViewController.swift; sourceTree = "<group>"; };
		3A8912561BB634F7004A780B /* Base */ = {isa = PBXFileReference; lastKnownFileType = file.storyboard; name = Base; path = Base.lproj/Main.storyboard; sourceTree = "<group>"; };
		3A8912581BB634F7004A780B /* Assets.xcassets */ = {isa = PBXFileReference; lastKnownFileType = folder.assetcatalog; path = Assets.xcassets; sourceTree = "<group>"; };
		3A89125B1BB634F7004A780B /* Base */ = {isa = PBXFileReference; lastKnownFileType = file.storyboard; name = Base; path = Base.lproj/LaunchScreen.storyboard; sourceTree = "<group>"; };
		3A89125D1BB634F7004A780B /* Info.plist */ = {isa = PBXFileReference; lastKnownFileType = text.plist.xml; path = Info.plist; sourceTree = "<group>"; };
		3A89127F1BB63D9B004A780B /* CSI Miami.mp3 */ = {isa = PBXFileReference; lastKnownFileType = audio.mp3; path = "CSI Miami.mp3"; sourceTree = "<group>"; };
/* End PBXFileReference section */

/* Begin PBXFrameworksBuildPhase section */
		3A89124B1BB634F7004A780B /* Frameworks */ = {
			isa = PBXFrameworksBuildPhase;
			buildActionMask = 2147483647;
			files = (
				3A5AD02F1CB80AF500F1EB27 /* AVFoundation.framework in Frameworks */,
			);
			runOnlyForDeploymentPostprocessing = 0;
		};
/* End PBXFrameworksBuildPhase section */

/* Begin PBXGroup section */
		3A5AD0301CB81A9400F1EB27 /* Frameworks */ = {
			isa = PBXGroup;
			children = (
				3A5AD02D1CB80AF500F1EB27 /* AVFoundation.framework */,
			);
			name = Frameworks;
			path = ..;
			sourceTree = "<group>";
		};
		3A8912451BB634F7004A780B = {
			isa = PBXGroup;
			children = (
				3A8912501BB634F7004A780B /* MiamiSunglasses */,
				3A89124F1BB634F7004A780B /* Products */,
			);
			sourceTree = "<group>";
		};
		3A89124F1BB634F7004A780B /* Products */ = {
			isa = PBXGroup;
			children = (
				3A89124E1BB634F7004A780B /* MiamiSunglasses.app */,
			);
			name = Products;
			sourceTree = "<group>";
		};
		3A8912501BB634F7004A780B /* MiamiSunglasses */ = {
			isa = PBXGroup;
			children = (
				3A8912511BB634F7004A780B /* AppDelegate.swift */,
				3A8912531BB634F7004A780B /* ViewController.swift */,
				3A8912551BB634F7004A780B /* Main.storyboard */,
				3A8912581BB634F7004A780B /* Assets.xcassets */,
				3A89125A1BB634F7004A780B /* LaunchScreen.storyboard */,
				3A89125D1BB634F7004A780B /* Info.plist */,
				3A89127F1BB63D9B004A780B /* CSI Miami.mp3 */,
				3A5AD0301CB81A9400F1EB27 /* Frameworks */,
			);
			path = MiamiSunglasses;
			sourceTree = "<group>";
		};
/* End PBXGroup section */

/* Begin PBXNativeTarget section */
		3A89124D1BB634F7004A780B /* MiamiSunglasses */ = {
			isa = PBXNativeTarget;
			buildConfigurationList = 3A8912761BB634F7004A780B /* Build configuration list for PBXNativeTarget "MiamiSunglasses" */;
			buildPhases = (
				3A89124A1BB634F7004A780B /* Sources */,
				3A89124B1BB634F7004A780B /* Frameworks */,
				3A89124C1BB634F7004A780B /* Resources */,
			);
			buildRules = (
			);
			dependencies = (
			);
			name = MiamiSunglasses;
			productName = MiamiSunglasses;
			productReference = 3A89124E1BB634F7004A780B /* MiamiSunglasses.app */;
			productType = "com.apple.product-type.application";
		};
/* End PBXNativeTarget section */

/* Begin PBXProject section */
		3A8912461BB634F7004A780B /* Project object */ = {
			isa = PBXProject;
			attributes = {
				LastUpgradeCheck = 0820;
				ORGANIZATIONNAME = "Adrian Edwards";
				TargetAttributes = {
					3A89124D1BB634F7004A780B = {
						CreatedOnToolsVersion = 7.0;
						DevelopmentTeam = UJPCPV3425;
						LastSwiftMigration = 0800;
					};
				};
			};
			buildConfigurationList = 3A8912491BB634F7004A780B /* Build configuration list for PBXProject "MiamiSunglasses" */;
			compatibilityVersion = "Xcode 3.2";
			developmentRegion = English;
			hasScannedForEncodings = 0;
			knownRegions = (
				en,
				Base,
			);
			mainGroup = 3A8912451BB634F7004A780B;
			productRefGroup = 3A89124F1BB634F7004A780B /* Products */;
			projectDirPath = "";
			projectRoot = "";
			targets = (
				3A89124D1BB634F7004A780B /* MiamiSunglasses */,
			);
		};
/* End PBXProject section */

/* Begin PBXResourcesBuildPhase section */
		3A89124C1BB634F7004A780B /* Resources */ = {
			isa = PBXResourcesBuildPhase;
			buildActionMask = 2147483647;
			files = (
				3A89125C1BB634F7004A780B /* LaunchScreen.storyboard in Resources */,
				3A8912591BB634F7004A780B /* Assets.xcassets in Resources */,
				3A8912571BB634F7004A780B /* Main.storyboard in Resources */,
				3A8912801BB63D9B004A780B /* CSI Miami.mp3 in Resources */,
			);
			runOnlyForDeploymentPostprocessing = 0;
		};
/* End PBXResourcesBuildPhase section */

/* Begin PBXSourcesBuildPhase section */
		3A89124A1BB634F7004A780B /* Sources */ = {
			isa = PBXSourcesBuildPhase;
			buildActionMask = 2147483647;
			files = (
				3A8912541BB634F7004A780B /* ViewController.swift in Sources */,
				3A8912521BB634F7004A780B /* AppDelegate.swift in Sources */,
			);
			runOnlyForDeploymentPostprocessing = 0;
		};
/* End PBXSourcesBuildPhase section */

/* Begin PBXVariantGroup section */
		3A8912551BB634F7004A780B /* Main.storyboard */ = {
			isa = PBXVariantGroup;
			children = (
				3A8912561BB634F7004A780B /* Base */,
			);
			name = Main.storyboard;
			sourceTree = "<group>";
		};
		3A89125A1BB634F7004A780B /* LaunchScreen.storyboard */ = {
			isa = PBXVariantGroup;
			children = (
				3A89125B1BB634F7004A780B /* Base */,
			);
			name = LaunchScreen.storyboard;
			sourceTree = "<group>";
		};
/* End PBXVariantGroup section */

/* Begin XCBuildConfiguration section */
		3A8912741BB634F7004A780B /* Debug */ = {
			isa = XCBuildConfiguration;
			buildSettings = {
				ALWAYS_SEARCH_USER_PATHS = NO;
				CLANG_CXX_LANGUAGE_STANDARD = "gnu++0x";
				CLANG_CXX_LIBRARY = "libc++";
				CLANG_ENABLE_MODULES = YES;
				CLANG_ENABLE_OBJC_ARC = YES;
				CLANG_WARN_BOOL_CONVERSION = YES;
				CLANG_WARN_CONSTANT_CONVERSION = YES;
				CLANG_WARN_DIRECT_OBJC_ISA_USAGE = YES_ERROR;
				CLANG_WARN_EMPTY_BODY = YES;
				CLANG_WARN_ENUM_CONVERSION = YES;
				CLANG_WARN_INFINITE_RECURSION = YES;
				CLANG_WARN_INT_CONVERSION = YES;
				CLANG_WARN_OBJC_ROOT_CLASS = YES_ERROR;
				CLANG_WARN_SUSPICIOUS_MOVE = YES;
				CLANG_WARN_UNREACHABLE_CODE = YES;
				CLANG_WARN__DUPLICATE_METHOD_MATCH = YES;
				"CODE_SIGN_IDENTITY[sdk=iphoneos*]" = "iPhone Developer";
				COPY_PHASE_STRIP = NO;
				DEBUG_INFORMATION_FORMAT = dwarf;
				ENABLE_STRICT_OBJC_MSGSEND = YES;
				ENABLE_TESTABILITY = YES;
				GCC_C_LANGUAGE_STANDARD = gnu99;
				GCC_DYNAMIC_NO_PIC = NO;
				GCC_NO_COMMON_BLOCKS = YES;
				GCC_OPTIMIZATION_LEVEL = 0;
				GCC_PREPROCESSOR_DEFINITIONS = (
					"DEBUG=1",
					"$(inherited)",
				);
				GCC_WARN_64_TO_32_BIT_CONVERSION = YES;
				GCC_WARN_ABOUT_RETURN_TYPE = YES_ERROR;
				GCC_WARN_UNDECLARED_SELECTOR = YES;
				GCC_WARN_UNINITIALIZED_AUTOS = YES_AGGRESSIVE;
				GCC_WARN_UNUSED_FUNCTION = YES;
				GCC_WARN_UNUSED_VARIABLE = YES;
				IPHONEOS_DEPLOYMENT_TARGET = 9.2;
				MTL_ENABLE_DEBUG_INFO = YES;
				ONLY_ACTIVE_ARCH = YES;
				SDKROOT = iphoneos;
				SWIFT_OPTIMIZATION_LEVEL = "-Onone";
			};
			name = Debug;
		};
		3A8912751BB634F7004A780B /* Release */ = {
			isa = XCBuildConfiguration;
			buildSettings = {
				ALWAYS_SEARCH_USER_PATHS = NO;
				CLANG_CXX_LANGUAGE_STANDARD = "gnu++0x";
				CLANG_CXX_LIBRARY = "libc++";
				CLANG_ENABLE_MODULES = YES;
				CLANG_ENABLE_OBJC_ARC = YES;
				CLANG_WARN_BOOL_CONVERSION = YES;
				CLANG_WARN_CONSTANT_CONVERSION = YES;
				CLANG_WARN_DIRECT_OBJC_ISA_USAGE = YES_ERROR;
				CLANG_WARN_EMPTY_BODY = YES;
				CLANG_WARN_ENUM_CONVERSION = YES;
				CLANG_WARN_INFINITE_RECURSION = YES;
				CLANG_WARN_INT_CONVERSION = YES;
				CLANG_WARN_OBJC_ROOT_CLASS = YES_ERROR;
				CLANG_WARN_SUSPICIOUS_MOVE = YES;
				CLANG_WARN_UNREACHABLE_CODE = YES;
				CLANG_WARN__DUPLICATE_METHOD_MATCH = YES;
				"CODE_SIGN_IDENTITY[sdk=iphoneos*]" = "iPhone Developer";
				COPY_PHASE_STRIP = NO;
				DEBUG_INFORMATION_FORMAT = "dwarf-with-dsym";
				ENABLE_NS_ASSERTIONS = NO;
				ENABLE_STRICT_OBJC_MSGSEND = YES;
				GCC_C_LANGUAGE_STANDARD = gnu99;
				GCC_NO_COMMON_BLOCKS = YES;
				GCC_WARN_64_TO_32_BIT_CONVERSION = YES;
				GCC_WARN_ABOUT_RETURN_TYPE = YES_ERROR;
				GCC_WARN_UNDECLARED_SELECTOR = YES;
				GCC_WARN_UNINITIALIZED_AUTOS = YES_AGGRESSIVE;
				GCC_WARN_UNUSED_FUNCTION = YES;
				GCC_WARN_UNUSED_VARIABLE = YES;
				IPHONEOS_DEPLOYMENT_TARGET = 9.2;
				MTL_ENABLE_DEBUG_INFO = NO;
				SDKROOT = iphoneos;
				SWIFT_OPTIMIZATION_LEVEL = "-Owholemodule";
				VALIDATE_PRODUCT = YES;
			};
			name = Release;
		};
		3A8912771BB634F7004A780B /* Debug */ = {
			isa = XCBuildConfiguration;
			buildSettings = {
				ASSETCATALOG_COMPILER_APPICON_NAME = AppIcon;
				CODE_SIGN_IDENTITY = "iPhone Developer";
				"CODE_SIGN_IDENTITY[sdk=iphoneos*]" = "iPhone Developer";
				INFOPLIST_FILE = MiamiSunglasses/Info.plist;
				IPHONEOS_DEPLOYMENT_TARGET = 8.4;
				LD_RUNPATH_SEARCH_PATHS = "$(inherited) @executable_path/Frameworks";
				PRODUCT_BUNDLE_IDENTIFIER = com.adriancedwards.MiamiSunglasses;
				PRODUCT_NAME = "$(TARGET_NAME)";
				PROVISIONING_PROFILE = "";
				SWIFT_VERSION = 3.0;
				TARGETED_DEVICE_FAMILY = 1;
			};
			name = Debug;
		};
		3A8912781BB634F7004A780B /* Release */ = {
			isa = XCBuildConfiguration;
			buildSettings = {
				ASSETCATALOG_COMPILER_APPICON_NAME = AppIcon;
				CODE_SIGN_IDENTITY = "iPhone Developer";
				"CODE_SIGN_IDENTITY[sdk=iphoneos*]" = "iPhone Developer";
				INFOPLIST_FILE = MiamiSunglasses/Info.plist;
				IPHONEOS_DEPLOYMENT_TARGET = 8.4;
				LD_RUNPATH_SEARCH_PATHS = "$(inherited) @executable_path/Frameworks";
				PRODUCT_BUNDLE_IDENTIFIER = com.adriancedwards.MiamiSunglasses;
				PRODUCT_NAME = "$(TARGET_NAME)";
				PROVISIONING_PROFILE = "";
				SWIFT_VERSION = 3.0;
				TARGETED_DEVICE_FAMILY = 1;
			};
			name = Release;
		};
/* End XCBuildConfiguration section */

/* Begin XCConfigurationList section */
		3A8912491BB634F7004A780B /* Build configuration list for PBXProject "MiamiSunglasses" */ = {
			isa = XCConfigurationList;
			buildConfigurations = (
				3A8912741BB634F7004A780B /* Debug */,
				3A8912751BB634F7004A780B /* Release */,
			);
			defaultConfigurationIsVisible = 0;
			defaultConfigurationName = Release;
		};
		3A8912761BB634F7004A780B /* Build configuration list for PBXNativeTarget "MiamiSunglasses" */ = {
			isa = XCConfigurationList;
			buildConfigurations = (
				3A8912771BB634F7004A780B /* Debug */,
				3A8912781BB634F7004A780B /* Release */,
			);
			defaultConfigurationIsVisible = 0;
			defaultConfigurationName = Release;
		};
/* End XCConfigurationList section */
	};
	rootObject = 3A8912461BB634F7004A780B /* Project object */;
}
